
Microsoft Visual Studio Solution File, Format Version 12.00
# Visual Studio Version 16
VisualStudioVersion = 16.0.810.25
MinimumVisualStudioVersion = 10.0.40219.1
Project("{2150E333-8FDC-42A3-9474-1A3956D46DE8}") = "Services", "Services", "{6BC45CF6-128B-4BFC-8FF1-D9E3879A7D43}"
EndProject
Project("{2150E333-8FDC-42A3-9474-1A3956D46DE8}") = "WebApps", "WebApps", "{D9FBF124-7442-42FC-AC62-32D7F50A08A5}"
EndProject
Project("{2150E333-8FDC-42A3-9474-1A3956D46DE8}") = "Cadastro", "Cadastro", "{1E1381FF-5015-4783-8D87-40EF31B82A8E}"
EndProject
Project("{2150E333-8FDC-42A3-9474-1A3956D46DE8}") = "Catalogo", "Catalogo", "{8C060ECE-0821-4B63-AA09-631FC691CBB9}"
EndProject
Project("{2150E333-8FDC-42A3-9474-1A3956D46DE8}") = "Core", "Core", "{01BD2BA3-2209-4674-BB5B-AE1859CAC35E}"
EndProject
Project("{2150E333-8FDC-42A3-9474-1A3956D46DE8}") = "Fiscal", "Fiscal", "{3DA47525-7F01-427B-AE70-D18364FC35D2}"
EndProject
Project("{2150E333-8FDC-42A3-9474-1A3956D46DE8}") = "Pagamentos", "Pagamentos", "{9A4444C9-7319-4EC2-870A-838100D67038}"
EndProject
Project("{2150E333-8FDC-42A3-9474-1A3956D46DE8}") = "Vendas", "Vendas", "{D36BA842-B4DB-4B7F-8174-B0F09A426A6E}"
EndProject
Project("{FAE04EC0-301F-11D3-BF4B-00C04F79EFBC}") = "NerdStore.Catalogo.Domain", "source\NerdStore.Catalogo.Domain\NerdStore.Catalogo.Domain.csproj", "{C1714DF4-B7AC-481D-A7BC-98632F87EF26}"
EndProject
Project("{FAE04EC0-301F-11D3-BF4B-00C04F79EFBC}") = "NerdStore.Core", "source\NerdStore.Core\NerdStore.Core.csproj", "{D022BCC8-1C6F-4E03-BAF1-5CBAF3DF323D}"
EndProject
Project("{2150E333-8FDC-42A3-9474-1A3956D46DE8}") = "Tests", "Tests", "{D2185976-D1AD-4755-993B-D2E0E82F4B57}"
EndProject
Project("{FAE04EC0-301F-11D3-BF4B-00C04F79EFBC}") = "NerdStore.Catalogo.Domain.Tests", "tests\NerdStore.Catalogo.Domain.Tests\NerdStore.Catalogo.Domain.Tests.csproj", "{F94D82A8-A342-4431-A785-D89ABC328CCB}"
EndProject
Project("{FAE04EC0-301F-11D3-BF4B-00C04F79EFBC}") = "NerdStore.Catalogo.Data", "source\NerdStore.Catalogo.Data\NerdStore.Catalogo.Data.csproj", "{115767C4-EFF5-43F7-8CD5-3703CBA6B715}"
EndProject
Project("{FAE04EC0-301F-11D3-BF4B-00C04F79EFBC}") = "NerdStore.Catalogo.Application", "source\NerdStore.Catalogo.Application\NerdStore.Catalogo.Application.csproj", "{100C10A1-E6D0-44C6-8C63-0F6DA329DD8A}"
EndProject
Global
	GlobalSection(SolutionConfigurationPlatforms) = preSolution
		Debug|Any CPU = Debug|Any CPU
		Release|Any CPU = Release|Any CPU
	EndGlobalSection
	GlobalSection(ProjectConfigurationPlatforms) = postSolution
		{C1714DF4-B7AC-481D-A7BC-98632F87EF26}.Debug|Any CPU.ActiveCfg = Debug|Any CPU
		{C1714DF4-B7AC-481D-A7BC-98632F87EF26}.Debug|Any CPU.Build.0 = Debug|Any CPU
		{C1714DF4-B7AC-481D-A7BC-98632F87EF26}.Release|Any CPU.ActiveCfg = Release|Any CPU
		{C1714DF4-B7AC-481D-A7BC-98632F87EF26}.Release|Any CPU.Build.0 = Release|Any CPU
		{D022BCC8-1C6F-4E03-BAF1-5CBAF3DF323D}.Debug|Any CPU.ActiveCfg = Debug|Any CPU
		{D022BCC8-1C6F-4E03-BAF1-5CBAF3DF323D}.Debug|Any CPU.Build.0 = Debug|Any CPU
		{D022BCC8-1C6F-4E03-BAF1-5CBAF3DF323D}.Release|Any CPU.ActiveCfg = Release|Any CPU
		{D022BCC8-1C6F-4E03-BAF1-5CBAF3DF323D}.Release|Any CPU.Build.0 = Release|Any CPU
		{F94D82A8-A342-4431-A785-D89ABC328CCB}.Debug|Any CPU.ActiveCfg = Debug|Any CPU
		{F94D82A8-A342-4431-A785-D89ABC328CCB}.Debug|Any CPU.Build.0 = Debug|Any CPU
		{F94D82A8-A342-4431-A785-D89ABC328CCB}.Release|Any CPU.ActiveCfg = Release|Any CPU
		{F94D82A8-A342-4431-A785-D89ABC328CCB}.Release|Any CPU.Build.0 = Release|Any CPU
		{115767C4-EFF5-43F7-8CD5-3703CBA6B715}.Debug|Any CPU.ActiveCfg = Debug|Any CPU
		{115767C4-EFF5-43F7-8CD5-3703CBA6B715}.Debug|Any CPU.Build.0 = Debug|Any CPU
		{115767C4-EFF5-43F7-8CD5-3703CBA6B715}.Release|Any CPU.ActiveCfg = Release|Any CPU
		{115767C4-EFF5-43F7-8CD5-3703CBA6B715}.Release|Any CPU.Build.0 = Release|Any CPU
		{100C10A1-E6D0-44C6-8C63-0F6DA329DD8A}.Debug|Any CPU.ActiveCfg = Debug|Any CPU
		{100C10A1-E6D0-44C6-8C63-0F6DA329DD8A}.Debug|Any CPU.Build.0 = Debug|Any CPU
		{100C10A1-E6D0-44C6-8C63-0F6DA329DD8A}.Release|Any CPU.ActiveCfg = Release|Any CPU
		{100C10A1-E6D0-44C6-8C63-0F6DA329DD8A}.Release|Any CPU.Build.0 = Release|Any CPU
	EndGlobalSection
	GlobalSection(SolutionProperties) = preSolution
		HideSolutionNode = FALSE
	EndGlobalSection
	GlobalSection(ExtensibilityGlobals) = postSolution
		SolutionGuid = {017D5E09-4394-4E00-84C7-CFD7A03D3AB1}
	EndGlobalSection
	GlobalSection(NestedProjects) = preSolution
		{1E1381FF-5015-4783-8D87-40EF31B82A8E} = {6BC45CF6-128B-4BFC-8FF1-D9E3879A7D43}
		{8C060ECE-0821-4B63-AA09-631FC691CBB9} = {6BC45CF6-128B-4BFC-8FF1-D9E3879A7D43}
		{01BD2BA3-2209-4674-BB5B-AE1859CAC35E} = {6BC45CF6-128B-4BFC-8FF1-D9E3879A7D43}
		{3DA47525-7F01-427B-AE70-D18364FC35D2} = {6BC45CF6-128B-4BFC-8FF1-D9E3879A7D43}
		{9A4444C9-7319-4EC2-870A-838100D67038} = {6BC45CF6-128B-4BFC-8FF1-D9E3879A7D43}
		{D36BA842-B4DB-4B7F-8174-B0F09A426A6E} = {6BC45CF6-128B-4BFC-8FF1-D9E3879A7D43}
		{C1714DF4-B7AC-481D-A7BC-98632F87EF26} = {8C060ECE-0821-4B63-AA09-631FC691CBB9}
		{D022BCC8-1C6F-4E03-BAF1-5CBAF3DF323D} = {01BD2BA3-2209-4674-BB5B-AE1859CAC35E}
		{D2185976-D1AD-4755-993B-D2E0E82F4B57} = {8C060ECE-0821-4B63-AA09-631FC691CBB9}
		{F94D82A8-A342-4431-A785-D89ABC328CCB} = {D2185976-D1AD-4755-993B-D2E0E82F4B57}
		{115767C4-EFF5-43F7-8CD5-3703CBA6B715} = {8C060ECE-0821-4B63-AA09-631FC691CBB9}
		{100C10A1-E6D0-44C6-8C63-0F6DA329DD8A} = {8C060ECE-0821-4B63-AA09-631FC691CBB9}
	EndGlobalSection
EndGlobal
